{
  "name": "vue3-proxy",
  "version": "1.0.0",
  "lockfileVersion": 3,
  "requires": true,
  "packages": {
    "": {
      "name": "vue3-proxy",
      "version": "1.0.0",
      "license": "ISC",
      "devDependencies": {
        "@vue/reactivity": "^3.5.8"
      }
    },
    "node_modules/@vue/reactivity": {
      "version": "3.5.8",
      "resolved": "https://registry.npmmirror.com/@vue/reactivity/-/reactivity-3.5.8.tgz",
      "integrity": "sha512-mlgUyFHLCUZcAYkqvzYnlBRCh0t5ZQfLYit7nukn1GR96gc48Bp4B7OIcSfVSvlG1k3BPfD+p22gi1t2n9tsXg==",
      "dev": true,
      "dependencies": {
        "@vue/shared": "3.5.8"
      }
    },
    "node_modules/@vue/shared": {
      "version": "3.5.8",
      "resolved": "https://registry.npmmirror.com/@vue/shared/-/shared-3.5.8.tgz",
      "integrity": "sha512-mJleSWbAGySd2RJdX1RBtcrUBX6snyOc0qHpgk3lGi4l9/P/3ny3ELqFWqYdkXIwwNN/kdm8nD9ky8o6l/Lx2A==",
      "dev": true
    }
  }
}
